
Microsoft Visual Studio Solution File, Format Version 12.00
# Visual Studio Version 16
VisualStudioVersion = 16.0.29519.181
MinimumVisualStudioVersion = 10.0.40219.1
Project("{FAE04EC0-301F-11D3-BF4B-00C04F79EFBC}") = "ABS.DBModels", "ABS.DBModels\ABS.DBModels.csproj", "{B1C71CCA-C4FB-4FE3-91B0-FE8A1EE7A9E9}"
EndProject
Global
	GlobalSection(SolutionConfigurationPlatforms) = preSolution
		Debug|Any CPU = Debug|Any CPU
		Release|Any CPU = Release|Any CPU
	EndGlobalSection
	GlobalSection(ProjectConfigurationPlatforms) = postSolution
		{B1C71CCA-C4FB-4FE3-91B0-FE8A1EE7A9E9}.Debug|Any CPU.ActiveCfg = Debug|Any CPU
		{B1C71CCA-C4FB-4FE3-91B0-FE8A1EE7A9E9}.Debug|Any CPU.Build.0 = Debug|Any CPU
		{B1C71CCA-C4FB-4FE3-91B0-FE8A1EE7A9E9}.Release|Any CPU.ActiveCfg = Release|Any CPU
		{B1C71CCA-C4FB-4FE3-91B0-FE8A1EE7A9E9}.Release|Any CPU.Build.0 = Release|Any CPU
	EndGlobalSection
	GlobalSection(SolutionProperties) = preSolution
		HideSolutionNode = FALSE
	EndGlobalSection
	GlobalSection(ExtensibilityGlobals) = postSolution
		SolutionGuid = {D9DCA499-3FC2-43B5-88AF-D305742F7391}
	EndGlobalSection
EndGlobal
